
Microsoft Visual Studio Solution File, Format Version 12.00
Project("{FAE04EC0-301F-11D3-BF4B-00C04F79EFBC}") = "RestaurantMenu.Core", "RestaurantMenu.Core\RestaurantMenu.Core.csproj", "{04274186-9AA0-435F-B5A8-9182795B61E7}"
EndProject
Global
	GlobalSection(SolutionConfigurationPlatforms) = preSolution
		Debug|Any CPU = Debug|Any CPU
		Release|Any CPU = Release|Any CPU
	EndGlobalSection
	GlobalSection(ProjectConfigurationPlatforms) = postSolution
		{04274186-9AA0-435F-B5A8-9182795B61E7}.Debug|Any CPU.ActiveCfg = Debug|Any CPU
		{04274186-9AA0-435F-B5A8-9182795B61E7}.Debug|Any CPU.Build.0 = Debug|Any CPU
		{04274186-9AA0-435F-B5A8-9182795B61E7}.Release|Any CPU.ActiveCfg = Release|Any CPU
		{04274186-9AA0-435F-B5A8-9182795B61E7}.Release|Any CPU.Build.0 = Release|Any CPU
	EndGlobalSection
EndGlobal
